
Microsoft Visual Studio Solution File, Format Version 12.00
# Visual Studio 15
VisualStudioVersion = 15.0.26730.8
MinimumVisualStudioVersion = 10.0.40219.1
Project("{8BC9CEB8-8B4A-11D0-8D11-00A0C91BC942}") = "cangateway", "cangateway\cangateway.vcxproj", "{97EF0C97-696C-4974-A181-064A82001EA9}"
EndProject
Global
	GlobalSection(SolutionConfigurationPlatforms) = preSolution
		Debug|x64 = Debug|x64
		Debug|x86 = Debug|x86
		Release|x64 = Release|x64
		Release|x86 = Release|x86
	EndGlobalSection
	GlobalSection(ProjectConfigurationPlatforms) = postSolution
		{97EF0C97-696C-4974-A181-064A82001EA9}.Debug|x64.ActiveCfg = Debug|x64
		{97EF0C97-696C-4974-A181-064A82001EA9}.Debug|x64.Build.0 = Debug|x64
		{97EF0C97-696C-4974-A181-064A82001EA9}.Debug|x86.ActiveCfg = Debug|Win32
		{97EF0C97-696C-4974-A181-064A82001EA9}.Debug|x86.Build.0 = Debug|Win32
		{97EF0C97-696C-4974-A181-064A82001EA9}.Release|x64.ActiveCfg = Release|x64
		{97EF0C97-696C-4974-A181-064A82001EA9}.Release|x64.Build.0 = Release|x64
		{97EF0C97-696C-4974-A181-064A82001EA9}.Release|x86.ActiveCfg = Release|Win32
		{97EF0C97-696C-4974-A181-064A82001EA9}.Release|x86.Build.0 = Release|Win32
	EndGlobalSection
	GlobalSection(SolutionProperties) = preSolution
		HideSolutionNode = FALSE
	EndGlobalSection
	GlobalSection(ExtensibilityGlobals) = postSolution
		SolutionGuid = {5AB1B69F-4181-47A6-9EDF-DCDD9A6BF068}
	EndGlobalSection
EndGlobal
